// !$*UTF8*$!
{
	archiveVersion = 1;
	classes = {
	};
	objectVersion = 46;
	objects = {

/* Begin PBXBuildFile section */
		BE1BB5341B85B774002B355E /* main.m in Sources */ = {isa = PBXBuildFile; fileRef = BE1BB5331B85B774002B355E /* main.m */; };
		BE1BB5371B85B774002B355E /* AppDelegate.m in Sources */ = {isa = PBXBuildFile; fileRef = BE1BB5361B85B774002B355E /* AppDelegate.m */; };
		BE1BB53A1B85B774002B355E /* ViewController.m in Sources */ = {isa = PBXBuildFile; fileRef = BE1BB5391B85B774002B355E /* ViewController.m */; };
		BE1BB53D1B85B774002B355E /* Main.storyboard in Resources */ = {isa = PBXBuildFile; fileRef = BE1BB53B1B85B774002B355E /* Main.storyboard */; };
		BE1BB53F1B85B774002B355E /* Images.xcassets in Resources */ = {isa = PBXBuildFile; fileRef = BE1BB53E1B85B774002B355E /* Images.xcassets */; };
		BE1BB5421B85B774002B355E /* LaunchScreen.xib in Resources */ = {isa = PBXBuildFile; fileRef = BE1BB5401B85B774002B355E /* LaunchScreen.xib */; };
		BE1BB54E1B85B774002B355E /* HypnosisterTests.m in Sources */ = {isa = PBXBuildFile; fileRef = BE1BB54D1B85B774002B355E /* HypnosisterTests.m */; };
		BE1BB5651B85BB1B002B355E /* BNRHypnosisView.m in Sources */ = {isa = PBXBuildFile; fileRef = BE1BB5641B85BB1B002B355E /* BNRHypnosisView.m */; };
		BEE482191B887DF30069FEF5 /* BNRReminderViewController.m in Sources */ = {isa = PBXBuildFile; fileRef = BEE482171B887DF30069FEF5 /* BNRReminderViewController.m */; };
		BEE4821A1B887DF30069FEF5 /* BNRReminderViewController.xib in Resources */ = {isa = PBXBuildFile; fileRef = BEE482181B887DF30069FEF5 /* BNRReminderViewController.xib */; };
		BEE4821D1B8880830069FEF5 /* BNRHypnosisViewController.m in Sources */ = {isa = PBXBuildFile; fileRef = BEE4821C1B8880830069FEF5 /* BNRHypnosisViewController.m */; };
/* End PBXBuildFile section */

/* Begin PBXContainerItemProxy section */
		BE1BB5481B85B774002B355E /* PBXContainerItemProxy */ = {
			isa = PBXContainerItemProxy;
			containerPortal = BE1BB5261B85B774002B355E /* Project object */;
			proxyType = 1;
			remoteGlobalIDString = BE1BB52D1B85B774002B355E;
			remoteInfo = Hypnosister;
		};
/* End PBXContainerItemProxy section */

/* Begin PBXFileReference section */
		BE1BB52E1B85B774002B355E /* Hypnosister.app */ = {isa = PBXFileReference; explicitFileType = wrapper.application; includeInIndex = 0; path = Hypnosister.app; sourceTree = BUILT_PRODUCTS_DIR; };
		BE1BB5321B85B774002B355E /* Info.plist */ = {isa = PBXFileReference; lastKnownFileType = text.plist.xml; path = Info.plist; sourceTree = "<group>"; };
		BE1BB5331B85B774002B355E /* main.m */ = {isa = PBXFileReference; lastKnownFileType = sourcecode.c.objc; path = main.m; sourceTree = "<group>"; };
		BE1BB5351B85B774002B355E /* AppDelegate.h */ = {isa = PBXFileReference; lastKnownFileType = sourcecode.c.h; path = AppDelegate.h; sourceTree = "<group>"; };
		BE1BB5361B85B774002B355E /* AppDelegate.m */ = {isa = PBXFileReference; lastKnownFileType = sourcecode.c.objc; path = AppDelegate.m; sourceTree = "<group>"; };
		BE1BB5381B85B774002B355E /* ViewController.h */ = {isa = PBXFileReference; lastKnownFileType = sourcecode.c.h; path = ViewController.h; sourceTree = "<group>"; };
		BE1BB5391B85B774002B355E /* ViewController.m */ = {isa = PBXFileReference; lastKnownFileType = sourcecode.c.objc; path = ViewController.m; sourceTree = "<group>"; };
		BE1BB53C1B85B774002B355E /* Base */ = {isa = PBXFileReference; lastKnownFileType = file.storyboard; name = Base; path = Base.lproj/Main.storyboard; sourceTree = "<group>"; };
		BE1BB53E1B85B774002B355E /* Images.xcassets */ = {isa = PBXFileReference; lastKnownFileType = folder.assetcatalog; path = Images.xcassets; sourceTree = "<group>"; };
		BE1BB5411B85B774002B355E /* Base */ = {isa = PBXFileReference; lastKnownFileType = file.xib; name = Base; path = Base.lproj/LaunchScreen.xib; sourceTree = "<group>"; };
		BE1BB5471B85B774002B355E /* HypnosisterTests.xctest */ = {isa = PBXFileReference; explicitFileType = wrapper.cfbundle; includeInIndex = 0; path = HypnosisterTests.xctest; sourceTree = BUILT_PRODUCTS_DIR; };
		BE1BB54C1B85B774002B355E /* Info.plist */ = {isa = PBXFileReference; lastKnownFileType = text.plist.xml; path = Info.plist; sourceTree = "<group>"; };
		BE1BB54D1B85B774002B355E /* HypnosisterTests.m */ = {isa = PBXFileReference; lastKnownFileType = sourcecode.c.objc; path = HypnosisterTests.m; sourceTree = "<group>"; };
		BE1BB5631B85BB1B002B355E /* BNRHypnosisView.h */ = {isa = PBXFileReference; fileEncoding = 4; lastKnownFileType = sourcecode.c.h; path = BNRHypnosisView.h; sourceTree = "<group>"; };
		BE1BB5641B85BB1B002B355E /* BNRHypnosisView.m */ = {isa = PBXFileReference; fileEncoding = 4; lastKnownFileType = sourcecode.c.objc; path = BNRHypnosisView.m; sourceTree = "<group>"; };
		BEE482161B887DF30069FEF5 /* BNRReminderViewController.h */ = {isa = PBXFileReference; fileEncoding = 4; lastKnownFileType = sourcecode.c.h; path = BNRReminderViewController.h; sourceTree = "<group>"; };
		BEE482171B887DF30069FEF5 /* BNRReminderViewController.m */ = {isa = PBXFileReference; fileEncoding = 4; lastKnownFileType = sourcecode.c.objc; path = BNRReminderViewController.m; sourceTree = "<group>"; };
		BEE482181B887DF30069FEF5 /* BNRReminderViewController.xib */ = {isa = PBXFileReference; fileEncoding = 4; lastKnownFileType = file.xib; path = BNRReminderViewController.xib; sourceTree = "<group>"; };
		BEE4821B1B8880830069FEF5 /* BNRHypnosisViewController.h */ = {isa = PBXFileReference; fileEncoding = 4; lastKnownFileType = sourcecode.c.h; path = BNRHypnosisViewController.h; sourceTree = "<group>"; };
		BEE4821C1B8880830069FEF5 /* BNRHypnosisViewController.m */ = {isa = PBXFileReference; fileEncoding = 4; lastKnownFileType = sourcecode.c.objc; path = BNRHypnosisViewController.m; sourceTree = "<group>"; };
/* End PBXFileReference section */

/* Begin PBXFrameworksBuildPhase section */
		BE1BB52B1B85B774002B355E /* Frameworks */ = {
			isa = PBXFrameworksBuildPhase;
			buildActionMask = 2147483647;
			files = (
			);
			runOnlyForDeploymentPostprocessing = 0;
		};
		BE1BB5441B85B774002B355E /* Frameworks */ = {
			isa = PBXFrameworksBuildPhase;
			buildActionMask = 2147483647;
			files = (
			);
			runOnlyForDeploymentPostprocessing = 0;
		};
/* End PBXFrameworksBuildPhase section */

/* Begin PBXGroup section */
		BE1BB5251B85B774002B355E = {
			isa = PBXGroup;
			children = (
				BE1BB5301B85B774002B355E /* Hypnosister */,
				BE1BB54A1B85B774002B355E /* HypnosisterTests */,
				BE1BB52F1B85B774002B355E /* Products */,
			);
			sourceTree = "<group>";
		};
		BE1BB52F1B85B774002B355E /* Products */ = {
			isa = PBXGroup;
			children = (
				BE1BB52E1B85B774002B355E /* Hypnosister.app */,
				BE1BB5471B85B774002B355E /* HypnosisterTests.xctest */,
			);
			name = Products;
			sourceTree = "<group>";
		};
		BE1BB5301B85B774002B355E /* Hypnosister */ = {
			isa = PBXGroup;
			children = (
				BE1BB5631B85BB1B002B355E /* BNRHypnosisView.h */,
				BE1BB5641B85BB1B002B355E /* BNRHypnosisView.m */,
				BE1BB5351B85B774002B355E /* AppDelegate.h */,
				BE1BB5361B85B774002B355E /* AppDelegate.m */,
				BE1BB5381B85B774002B355E /* ViewController.h */,
				BE1BB5391B85B774002B355E /* ViewController.m */,
				BE1BB53B1B85B774002B355E /* Main.storyboard */,
				BE1BB53E1B85B774002B355E /* Images.xcassets */,
				BE1BB5401B85B774002B355E /* LaunchScreen.xib */,
				BE1BB5311B85B774002B355E /* Supporting Files */,
				BEE482161B887DF30069FEF5 /* BNRReminderViewController.h */,
				BEE482171B887DF30069FEF5 /* BNRReminderViewController.m */,
				BEE482181B887DF30069FEF5 /* BNRReminderViewController.xib */,
				BEE4821B1B8880830069FEF5 /* BNRHypnosisViewController.h */,
				BEE4821C1B8880830069FEF5 /* BNRHypnosisViewController.m */,
			);
			path = Hypnosister;
			sourceTree = "<group>";
		};
		BE1BB5311B85B774002B355E /* Supporting Files */ = {
			isa = PBXGroup;
			children = (
				BE1BB5321B85B774002B355E /* Info.plist */,
				BE1BB5331B85B774002B355E /* main.m */,
			);
			name = "Supporting Files";
			sourceTree = "<group>";
		};
		BE1BB54A1B85B774002B355E /* HypnosisterTests */ = {
			isa = PBXGroup;
			children = (
				BE1BB54D1B85B774002B355E /* HypnosisterTests.m */,
				BE1BB54B1B85B774002B355E /* Supporting Files */,
			);
			path = HypnosisterTests;
			sourceTree = "<group>";
		};
		BE1BB54B1B85B774002B355E /* Supporting Files */ = {
			isa = PBXGroup;
			children = (
				BE1BB54C1B85B774002B355E /* Info.plist */,
			);
			name = "Supporting Files";
			sourceTree = "<group>";
		};
/* End PBXGroup section */

/* Begin PBXNativeTarget section */
		BE1BB52D1B85B774002B355E /* Hypnosister */ = {
			isa = PBXNativeTarget;
			buildConfigurationList = BE1BB5511B85B774002B355E /* Build configuration list for PBXNativeTarget "Hypnosister" */;
			buildPhases = (
				BE1BB52A1B85B774002B355E /* Sources */,
				BE1BB52B1B85B774002B355E /* Frameworks */,
				BE1BB52C1B85B774002B355E /* Resources */,
			);
			buildRules = (
			);
			dependencies = (
			);
			name = Hypnosister;
			productName = Hypnosister;
			productReference = BE1BB52E1B85B774002B355E /* Hypnosister.app */;
			productType = "com.apple.product-type.application";
		};
		BE1BB5461B85B774002B355E /* HypnosisterTests */ = {
			isa = PBXNativeTarget;
			buildConfigurationList = BE1BB5541B85B774002B355E /* Build configuration list for PBXNativeTarget "HypnosisterTests" */;
			buildPhases = (
				BE1BB5431B85B774002B355E /* Sources */,
				BE1BB5441B85B774002B355E /* Frameworks */,
				BE1BB5451B85B774002B355E /* Resources */,
			);
			buildRules = (
			);
			dependencies = (
				BE1BB5491B85B774002B355E /* PBXTargetDependency */,
			);
			name = HypnosisterTests;
			productName = HypnosisterTests;
			productReference = BE1BB5471B85B774002B355E /* HypnosisterTests.xctest */;
			productType = "com.apple.product-type.bundle.unit-test";
		};
/* End PBXNativeTarget section */

/* Begin PBXProject section */
		BE1BB5261B85B774002B355E /* Project object */ = {
			isa = PBXProject;
			attributes = {
				CLASSPREFIX = BNR;
				LastUpgradeCheck = 0640;
				ORGANIZATIONNAME = "malong tech";
				TargetAttributes = {
					BE1BB52D1B85B774002B355E = {
						CreatedOnToolsVersion = 6.4;
					};
					BE1BB5461B85B774002B355E = {
						CreatedOnToolsVersion = 6.4;
						TestTargetID = BE1BB52D1B85B774002B355E;
					};
				};
			};
			buildConfigurationList = BE1BB5291B85B774002B355E /* Build configuration list for PBXProject "Hypnosister" */;
			compatibilityVersion = "Xcode 3.2";
			developmentRegion = English;
			hasScannedForEncodings = 0;
			knownRegions = (
				en,
				Base,
			);
			mainGroup = BE1BB5251B85B774002B355E;
			productRefGroup = BE1BB52F1B85B774002B355E /* Products */;
			projectDirPath = "";
			projectRoot = "";
			targets = (
				BE1BB52D1B85B774002B355E /* Hypnosister */,
				BE1BB5461B85B774002B355E /* HypnosisterTests */,
			);
		};
/* End PBXProject section */

/* Begin PBXResourcesBuildPhase section */
		BE1BB52C1B85B774002B355E /* Resources */ = {
			isa = PBXResourcesBuildPhase;
			buildActionMask = 2147483647;
			files = (
				BE1BB53D1B85B774002B355E /* Main.storyboard in Resources */,
				BEE4821A1B887DF30069FEF5 /* BNRReminderViewController.xib in Resources */,
				BE1BB5421B85B774002B355E /* LaunchScreen.xib in Resources */,
				BE1BB53F1B85B774002B355E /* Images.xcassets in Resources */,
			);
			runOnlyForDeploymentPostprocessing = 0;
		};
		BE1BB5451B85B774002B355E /* Resources */ = {
			isa = PBXResourcesBuildPhase;
			buildActionMask = 2147483647;
			files = (
			);
			runOnlyForDeploymentPostprocessing = 0;
		};
/* End PBXResourcesBuildPhase section */

/* Begin PBXSourcesBuildPhase section */
		BE1BB52A1B85B774002B355E /* Sources */ = {
			isa = PBXSourcesBuildPhase;
			buildActionMask = 2147483647;
			files = (
				BE1BB53A1B85B774002B355E /* ViewController.m in Sources */,
				BE1BB5371B85B774002B355E /* AppDelegate.m in Sources */,
				BE1BB5651B85BB1B002B355E /* BNRHypnosisView.m in Sources */,
				BEE482191B887DF30069FEF5 /* BNRReminderViewController.m in Sources */,
				BEE4821D1B8880830069FEF5 /* BNRHypnosisViewController.m in Sources */,
				BE1BB5341B85B774002B355E /* main.m in Sources */,
			);
			runOnlyForDeploymentPostprocessing = 0;
		};
		BE1BB5431B85B774002B355E /* Sources */ = {
			isa = PBXSourcesBuildPhase;
			buildActionMask = 2147483647;
			files = (
				BE1BB54E1B85B774002B355E /* HypnosisterTests.m in Sources */,
			);
			runOnlyForDeploymentPostprocessing = 0;
		};
/* End PBXSourcesBuildPhase section */

/* Begin PBXTargetDependency section */
		BE1BB5491B85B774002B355E /* PBXTargetDependency */ = {
			isa = PBXTargetDependency;
			target = BE1BB52D1B85B774002B355E /* Hypnosister */;
			targetProxy = BE1BB5481B85B774002B355E /* PBXContainerItemProxy */;
		};
/* End PBXTargetDependency section */

/* Begin PBXVariantGroup section */
		BE1BB53B1B85B774002B355E /* Main.storyboard */ = {
			isa = PBXVariantGroup;
			children = (
				BE1BB53C1B85B774002B355E /* Base */,
			);
			name = Main.storyboard;
			sourceTree = "<group>";
		};
		BE1BB5401B85B774002B355E /* LaunchScreen.xib */ = {
			isa = PBXVariantGroup;
			children = (
				BE1BB5411B85B774002B355E /* Base */,
			);
			name = LaunchScreen.xib;
			sourceTree = "<group>";
		};
/* End PBXVariantGroup section */

/* Begin XCBuildConfiguration section */
		BE1BB54F1B85B774002B355E /* Debug */ = {
			isa = XCBuildConfiguration;
			buildSettings = {
				ALWAYS_SEARCH_USER_PATHS = NO;
				CLANG_CXX_LANGUAGE_STANDARD = "gnu++0x";
				CLANG_CXX_LIBRARY = "libc++";
				CLANG_ENABLE_MODULES = YES;
				CLANG_ENABLE_OBJC_ARC = YES;
				CLANG_WARN_BOOL_CONVERSION = YES;
				CLANG_WARN_CONSTANT_CONVERSION = YES;
				CLANG_WARN_DIRECT_OBJC_ISA_USAGE = YES_ERROR;
				CLANG_WARN_EMPTY_BODY = YES;
				CLANG_WARN_ENUM_CONVERSION = YES;
				CLANG_WARN_INT_CONVERSION = YES;
				CLANG_WARN_OBJC_ROOT_CLASS = YES_ERROR;
				CLANG_WARN_UNREACHABLE_CODE = YES;
				CLANG_WARN__DUPLICATE_METHOD_MATCH = YES;
				"CODE_SIGN_IDENTITY[sdk=iphoneos*]" = "iPhone Developer";
				COPY_PHASE_STRIP = NO;
				DEBUG_INFORMATION_FORMAT = "dwarf-with-dsym";
				ENABLE_STRICT_OBJC_MSGSEND = YES;
				GCC_C_LANGUAGE_STANDARD = gnu99;
				GCC_DYNAMIC_NO_PIC = NO;
				GCC_NO_COMMON_BLOCKS = YES;
				GCC_OPTIMIZATION_LEVEL = 0;
				GCC_PREPROCESSOR_DEFINITIONS = (
					"DEBUG=1",
					"$(inherited)",
				);
				GCC_SYMBOLS_PRIVATE_EXTERN = NO;
				GCC_WARN_64_TO_32_BIT_CONVERSION = YES;
				GCC_WARN_ABOUT_RETURN_TYPE = YES_ERROR;
				GCC_WARN_UNDECLARED_SELECTOR = YES;
				GCC_WARN_UNINITIALIZED_AUTOS = YES_AGGRESSIVE;
				GCC_WARN_UNUSED_FUNCTION = YES;
				GCC_WARN_UNUSED_VARIABLE = YES;
				IPHONEOS_DEPLOYMENT_TARGET = 8.4;
				MTL_ENABLE_DEBUG_INFO = YES;
				ONLY_ACTIVE_ARCH = YES;
				SDKROOT = iphoneos;
			};
			name = Debug;
		};
		BE1BB5501B85B774002B355E /* Release */ = {
			isa = XCBuildConfiguration;
			buildSettings = {
				ALWAYS_SEARCH_USER_PATHS = NO;
				CLANG_CXX_LANGUAGE_STANDARD = "gnu++0x";
				CLANG_CXX_LIBRARY = "libc++";
				CLANG_ENABLE_MODULES = YES;
				CLANG_ENABLE_OBJC_ARC = YES;
				CLANG_WARN_BOOL_CONVERSION = YES;
				CLANG_WARN_CONSTANT_CONVERSION = YES;
				CLANG_WARN_DIRECT_OBJC_ISA_USAGE = YES_ERROR;
				CLANG_WARN_EMPTY_BODY = YES;
				CLANG_WARN_ENUM_CONVERSION = YES;
				CLANG_WARN_INT_CONVERSION = YES;
				CLANG_WARN_OBJC_ROOT_CLASS = YES_ERROR;
				CLANG_WARN_UNREACHABLE_CODE = YES;
				CLANG_WARN__DUPLICATE_METHOD_MATCH = YES;
				"CODE_SIGN_IDENTITY[sdk=iphoneos*]" = "iPhone Developer";
				COPY_PHASE_STRIP = NO;
				DEBUG_INFORMATION_FORMAT = "dwarf-with-dsym";
				ENABLE_NS_ASSERTIONS = NO;
				ENABLE_STRICT_OBJC_MSGSEND = YES;
				GCC_C_LANGUAGE_STANDARD = gnu99;
				GCC_NO_COMMON_BLOCKS = YES;
				GCC_WARN_64_TO_32_BIT_CONVERSION = YES;
				GCC_WARN_ABOUT_RETURN_TYPE = YES_ERROR;
				GCC_WARN_UNDECLARED_SELECTOR = YES;
				GCC_WARN_UNINITIALIZED_AUTOS = YES_AGGRESSIVE;
				GCC_WARN_UNUSED_FUNCTION = YES;
				GCC_WARN_UNUSED_VARIABLE = YES;
				IPHONEOS_DEPLOYMENT_TARGET = 8.4;
				MTL_ENABLE_DEBUG_INFO = NO;
				SDKROOT = iphoneos;
				VALIDATE_PRODUCT = YES;
			};
			name = Release;
		};
		BE1BB5521B85B774002B355E /* Debug */ = {
			isa = XCBuildConfiguration;
			buildSettings = {
				ASSETCATALOG_COMPILER_APPICON_NAME = AppIcon;
				INFOPLIST_FILE = Hypnosister/Info.plist;
				LD_RUNPATH_SEARCH_PATHS = "$(inherited) @executable_path/Frameworks";
				PRODUCT_NAME = "$(TARGET_NAME)";
			};
			name = Debug;
		};
		BE1BB5531B85B774002B355E /* Release */ = {
			isa = XCBuildConfiguration;
			buildSettings = {
				ASSETCATALOG_COMPILER_APPICON_NAME = AppIcon;
				INFOPLIST_FILE = Hypnosister/Info.plist;
				LD_RUNPATH_SEARCH_PATHS = "$(inherited) @executable_path/Frameworks";
				PRODUCT_NAME = "$(TARGET_NAME)";
			};
			name = Release;
		};
		BE1BB5551B85B774002B355E /* Debug */ = {
			isa = XCBuildConfiguration;
			buildSettings = {
				BUNDLE_LOADER = "$(TEST_HOST)";
				FRAMEWORK_SEARCH_PATHS = (
					"$(SDKROOT)/Developer/Library/Frameworks",
					"$(inherited)",
				);
				GCC_PREPROCESSOR_DEFINITIONS = (
					"DEBUG=1",
					"$(inherited)",
				);
				INFOPLIST_FILE = HypnosisterTests/Info.plist;
				LD_RUNPATH_SEARCH_PATHS = "$(inherited) @executable_path/Frameworks @loader_path/Frameworks";
				PRODUCT_NAME = "$(TARGET_NAME)";
				TEST_HOST = "$(BUILT_PRODUCTS_DIR)/Hypnosister.app/Hypnosister";
			};
			name = Debug;
		};
		BE1BB5561B85B774002B355E /* Release */ = {
			isa = XCBuildConfiguration;
			buildSettings = {
				BUNDLE_LOADER = "$(TEST_HOST)";
				FRAMEWORK_SEARCH_PATHS = (
					"$(SDKROOT)/Developer/Library/Frameworks",
					"$(inherited)",
				);
				INFOPLIST_FILE = HypnosisterTests/Info.plist;
				LD_RUNPATH_SEARCH_PATHS = "$(inherited) @executable_path/Frameworks @loader_path/Frameworks";
				PRODUCT_NAME = "$(TARGET_NAME)";
				TEST_HOST = "$(BUILT_PRODUCTS_DIR)/Hypnosister.app/Hypnosister";
			};
			name = Release;
		};
/* End XCBuildConfiguration section */

/* Begin XCConfigurationList section */
		BE1BB5291B85B774002B355E /* Build configuration list for PBXProject "Hypnosister" */ = {
			isa = XCConfigurationList;
			buildConfigurations = (
				BE1BB54F1B85B774002B355E /* Debug */,
				BE1BB5501B85B774002B355E /* Release */,
			);
			defaultConfigurationIsVisible = 0;
			defaultConfigurationName = Release;
		};
		BE1BB5511B85B774002B355E /* Build configuration list for PBXNativeTarget "Hypnosister" */ = {
			isa = XCConfigurationList;
			buildConfigurations = (
				BE1BB5521B85B774002B355E /* Debug */,
				BE1BB5531B85B774002B355E /* Release */,
			);
			defaultConfigurationIsVisible = 0;
			defaultConfigurationName = Release;
		};
		BE1BB5541B85B774002B355E /* Build configuration list for PBXNativeTarget "HypnosisterTests" */ = {
			isa = XCConfigurationList;
			buildConfigurations = (
				BE1BB5551B85B774002B355E /* Debug */,
				BE1BB5561B85B774002B355E /* Release */,
			);
			defaultConfigurationIsVisible = 0;
			defaultConfigurationName = Release;
		};
/* End XCConfigurationList section */
	};
	rootObject = BE1BB5261B85B774002B355E /* Project object */;
}
